
Microsoft Visual Studio Solution File, Format Version 12.00
# Visual Studio Version 17
VisualStudioVersion = 17.1.32407.343
MinimumVisualStudioVersion = 10.0.40219.1
Project("{FAE04EC0-301F-11D3-BF4B-00C04F79EFBC}") = "exam_19.05", "exam_19.05\exam_19.05.csproj", "{55615C67-A8B0-4809-840E-41B13E9A3FD3}"
EndProject
Global
	GlobalSection(SolutionConfigurationPlatforms) = preSolution
		Debug|Any CPU = Debug|Any CPU
		Release|Any CPU = Release|Any CPU
	EndGlobalSection
	GlobalSection(ProjectConfigurationPlatforms) = postSolution
		{55615C67-A8B0-4809-840E-41B13E9A3FD3}.Debug|Any CPU.ActiveCfg = Debug|Any CPU
		{55615C67-A8B0-4809-840E-41B13E9A3FD3}.Debug|Any CPU.Build.0 = Debug|Any CPU
		{55615C67-A8B0-4809-840E-41B13E9A3FD3}.Release|Any CPU.ActiveCfg = Release|Any CPU
		{55615C67-A8B0-4809-840E-41B13E9A3FD3}.Release|Any CPU.Build.0 = Release|Any CPU
	EndGlobalSection
	GlobalSection(SolutionProperties) = preSolution
		HideSolutionNode = FALSE
	EndGlobalSection
	GlobalSection(ExtensibilityGlobals) = postSolution
		SolutionGuid = {C1B55831-722F-4D48-9F85-9DBA8C27B51F}
	EndGlobalSection
EndGlobal
